{
  "name": "trabajofinal",
  "version": "1.0.0",
  "lockfileVersion": 2,
  "requires": true,
  "packages": {
    "": {
      "name": "trabajofinal",
      "version": "1.0.0",
      "license": "ISC",
      "dependencies": {
        "sweetalert2": "^11.6.1"
      }
    },
    "node_modules/sweetalert2": {
      "version": "11.6.1",
      "resolved": "https://registry.npmjs.org/sweetalert2/-/sweetalert2-11.6.1.tgz",
      "integrity": "sha512-38RU6l1PGvnrQ3ceGvnRO/b2RGAAcdFGE80kIqjHLNt61pBMzJU5DtVtOdCPMy8CpJf86jzV0uqIm12pMyd3lQ==",
      "funding": {
        "type": "individual",
        "url": "https://sweetalert2.github.io/#donations"
      }
    }
  },
  "dependencies": {
    "sweetalert2": {
      "version": "11.6.1",
      "resolved": "https://registry.npmjs.org/sweetalert2/-/sweetalert2-11.6.1.tgz",
      "integrity": "sha512-38RU6l1PGvnrQ3ceGvnRO/b2RGAAcdFGE80kIqjHLNt61pBMzJU5DtVtOdCPMy8CpJf86jzV0uqIm12pMyd3lQ=="
    }
  }
}
